{
  "nodes": {
    "disko": {
      "flake": false,
      "locked": {
        "lastModified": 1691743546,
        "narHash": "sha256-nS2uWOeEmMgUBEMDCvwLlXBBCLkW7agDcMtOXuf9PDc=",
        "owner": "nix-community",
        "repo": "disko",
        "rev": "241c878d4b542fea7c61ed4421e9224af054ff56",
        "type": "github"
      },
      "original": {
        "owner": "nix-community",
        "repo": "disko",
        "type": "github"
      }
    },
    "expidus-sdk": {
      "inputs": {
        "disko": "disko",
        "flake-utils": "flake-utils",
        "mobile-nixos": "mobile-nixos",
        "nixpkgs": [
          "nixpkgs"
        ]
      },
      "locked": {
        "lastModified": 1693517495,
        "narHash": "sha256-X6lucpRY3grkBsVcCEodgW9iyffGVrmCi2QnJHs+dfE=",
        "owner": "ExpidusOS",
        "repo": "sdk",
        "rev": "8be567a47b1f1ad512d40b4b7baf89587551951f",
        "type": "github"
      },
      "original": {
        "owner": "ExpidusOS",
        "repo": "sdk",
        "type": "github"
      }
    },
    "flake-utils": {
      "inputs": {
        "systems": "systems"
      },
      "locked": {
        "lastModified": 1689068808,
        "narHash": "sha256-6ixXo3wt24N/melDWjq70UuHQLxGV8jZvooRanIHXw0=",
        "owner": "numtide",
        "repo": "flake-utils",
        "rev": "919d646de7be200f3bf08cb76ae1f09402b6f9b4",
        "type": "github"
      },
      "original": {
        "owner": "numtide",
        "repo": "flake-utils",
        "type": "github"
      }
    },
    "mobile-nixos": {
      "flake": false,
      "locked": {
        "lastModified": 1690059310,
        "narHash": "sha256-4zcoDp8wwZVfGSzXltC5x+eH4kDWC/eJpyQNgr7shAA=",
        "owner": "NixOS",
        "repo": "mobile-nixos",
        "rev": "56fc9f9619f305f0865354975a98d22410eed127",
        "type": "github"
      },
      "original": {
        "owner": "NixOS",
        "repo": "mobile-nixos",
        "type": "github"
      }
    },
    "nixpkgs": {
      "locked": {
        "lastModified": 1694052155,
        "narHash": "sha256-GSrZek/pcgIQgHsi1Ku+ZzNWam8EaZOZoA7gpsQ3pHQ=",
        "owner": "ExpidusOS",
        "repo": "nixpkgs",
        "rev": "346f49321861381f0458e70260f3099d8e014e5c",
        "type": "github"
      },
      "original": {
        "owner": "ExpidusOS",
        "repo": "nixpkgs",
        "type": "github"
      }
    },
    "root": {
      "inputs": {
        "expidus-sdk": "expidus-sdk",
        "nixpkgs": "nixpkgs"
      }
    },
    "systems": {
      "locked": {
        "lastModified": 1681028828,
        "narHash": "sha256-Vy1rq5AaRuLzOxct8nz4T6wlgyUR7zLU309k9mBC768=",
        "owner": "nix-systems",
        "repo": "default",
        "rev": "da67096a3b9bf56a91d16901293e51ba5b49a27e",
        "type": "github"
      },
      "original": {
        "owner": "nix-systems",
        "repo": "default",
        "type": "github"
      }
    }
  },
  "root": "root",
  "version": 7
}
